
Microsoft Visual Studio Solution File, Format Version 12.00
# Visual Studio Version 16
VisualStudioVersion = 16.0.29009.5
MinimumVisualStudioVersion = 10.0.40219.1
Project("{8BC9CEB8-8B4A-11D0-8D11-00A0C91BC942}") = "TestSQL", "TestSQL\TestSQL.vcxproj", "{F4A1FB0F-473A-4F77-B489-16F1D3CB37D7}"
	ProjectSection(ProjectDependencies) = postProject
		{0E56E030-9CDD-47A7-B580-DCD4E103F968} = {0E56E030-9CDD-47A7-B580-DCD4E103F968}
	EndProjectSection
EndProject
Project("{2150E333-8FDC-42A3-9474-1A3956D46DE8}") = "General", "General", "{949635B6-421F-42B2-B9AB-A56CE0B371E7}"
	ProjectSection(SolutionItems) = preProject
		Documentation\DesignRules.txt = Documentation\DesignRules.txt
		Planning.txt = Planning.txt
		Readme.md = Readme.md
		Documentation\releasenotes_1.3.txt = Documentation\releasenotes_1.3.txt
		Documentation\releasenotes_1.4.txt = Documentation\releasenotes_1.4.txt
		Documentation\releasenotes_1.5.txt = Documentation\releasenotes_1.5.txt
		Documentation\releasenotes_1.6.txt = Documentation\releasenotes_1.6.txt
		Documentation\releasenotes_1.7.txt = Documentation\releasenotes_1.7.txt
	EndProjectSection
EndProject
Project("{8BC9CEB8-8B4A-11D0-8D11-00A0C91BC942}") = "UnitTest", "UnitTest\UnitTest.vcxproj", "{D63FD0EA-3CA0-4D96-9E95-B5D72E1248C7}"
	ProjectSection(ProjectDependencies) = postProject
		{0E56E030-9CDD-47A7-B580-DCD4E103F968} = {0E56E030-9CDD-47A7-B580-DCD4E103F968}
	EndProjectSection
EndProject
Project("{8BC9CEB8-8B4A-11D0-8D11-00A0C91BC942}") = "SQLComponents", "SQLComponents\SQLComponents.vcxproj", "{0E56E030-9CDD-47A7-B580-DCD4E103F968}"
EndProject
Project("{8BC9CEB8-8B4A-11D0-8D11-00A0C91BC942}") = "SQLConnections", "SQLConnections\SQLConnections.vcxproj", "{09647FC9-DE27-4058-919C-72CB033517DA}"
	ProjectSection(ProjectDependencies) = postProject
		{0E56E030-9CDD-47A7-B580-DCD4E103F968} = {0E56E030-9CDD-47A7-B580-DCD4E103F968}
	EndProjectSection
EndProject
Project("{8BC9CEB8-8B4A-11D0-8D11-00A0C91BC942}") = "Deployment", "Deployment\Deployment.vcxproj", "{9FD80E97-450B-4724-971E-58C09839034A}"
	ProjectSection(ProjectDependencies) = postProject
		{0E56E030-9CDD-47A7-B580-DCD4E103F968} = {0E56E030-9CDD-47A7-B580-DCD4E103F968}
	EndProjectSection
EndProject
Project("{8BC9CEB8-8B4A-11D0-8D11-00A0C91BC942}") = "SQLMigrate", "SQLMigrate\SQLMigrate.vcxproj", "{5F16ED87-9E0C-4980-80D0-79D39A94D8C3}"
	ProjectSection(ProjectDependencies) = postProject
		{0E56E030-9CDD-47A7-B580-DCD4E103F968} = {0E56E030-9CDD-47A7-B580-DCD4E103F968}
	EndProjectSection
EndProject
Global
	GlobalSection(SolutionConfigurationPlatforms) = preSolution
		Debug|Win32 = Debug|Win32
		Debug|x64 = Debug|x64
		Release|Win32 = Release|Win32
		Release|x64 = Release|x64
	EndGlobalSection
	GlobalSection(ProjectConfigurationPlatforms) = postSolution
		{F4A1FB0F-473A-4F77-B489-16F1D3CB37D7}.Debug|Win32.ActiveCfg = Debug|Win32
		{F4A1FB0F-473A-4F77-B489-16F1D3CB37D7}.Debug|Win32.Build.0 = Debug|Win32
		{F4A1FB0F-473A-4F77-B489-16F1D3CB37D7}.Debug|x64.ActiveCfg = Debug|x64
		{F4A1FB0F-473A-4F77-B489-16F1D3CB37D7}.Debug|x64.Build.0 = Debug|x64
		{F4A1FB0F-473A-4F77-B489-16F1D3CB37D7}.Release|Win32.ActiveCfg = Release|Win32
		{F4A1FB0F-473A-4F77-B489-16F1D3CB37D7}.Release|Win32.Build.0 = Release|Win32
		{F4A1FB0F-473A-4F77-B489-16F1D3CB37D7}.Release|x64.ActiveCfg = Release|x64
		{F4A1FB0F-473A-4F77-B489-16F1D3CB37D7}.Release|x64.Build.0 = Release|x64
		{D63FD0EA-3CA0-4D96-9E95-B5D72E1248C7}.Debug|Win32.ActiveCfg = Debug|Win32
		{D63FD0EA-3CA0-4D96-9E95-B5D72E1248C7}.Debug|Win32.Build.0 = Debug|Win32
		{D63FD0EA-3CA0-4D96-9E95-B5D72E1248C7}.Debug|x64.ActiveCfg = Debug|x64
		{D63FD0EA-3CA0-4D96-9E95-B5D72E1248C7}.Debug|x64.Build.0 = Debug|x64
		{D63FD0EA-3CA0-4D96-9E95-B5D72E1248C7}.Release|Win32.ActiveCfg = Release|Win32
		{D63FD0EA-3CA0-4D96-9E95-B5D72E1248C7}.Release|Win32.Build.0 = Release|Win32
		{D63FD0EA-3CA0-4D96-9E95-B5D72E1248C7}.Release|x64.ActiveCfg = Release|x64
		{D63FD0EA-3CA0-4D96-9E95-B5D72E1248C7}.Release|x64.Build.0 = Release|x64
		{0E56E030-9CDD-47A7-B580-DCD4E103F968}.Debug|Win32.ActiveCfg = Debug|Win32
		{0E56E030-9CDD-47A7-B580-DCD4E103F968}.Debug|Win32.Build.0 = Debug|Win32
		{0E56E030-9CDD-47A7-B580-DCD4E103F968}.Debug|x64.ActiveCfg = Debug|x64
		{0E56E030-9CDD-47A7-B580-DCD4E103F968}.Debug|x64.Build.0 = Debug|x64
		{0E56E030-9CDD-47A7-B580-DCD4E103F968}.Release|Win32.ActiveCfg = Release|Win32
		{0E56E030-9CDD-47A7-B580-DCD4E103F968}.Release|Win32.Build.0 = Release|Win32
		{0E56E030-9CDD-47A7-B580-DCD4E103F968}.Release|x64.ActiveCfg = Release|x64
		{0E56E030-9CDD-47A7-B580-DCD4E103F968}.Release|x64.Build.0 = Release|x64
		{09647FC9-DE27-4058-919C-72CB033517DA}.Debug|Win32.ActiveCfg = Debug|Win32
		{09647FC9-DE27-4058-919C-72CB033517DA}.Debug|Win32.Build.0 = Debug|Win32
		{09647FC9-DE27-4058-919C-72CB033517DA}.Debug|x64.ActiveCfg = Debug|x64
		{09647FC9-DE27-4058-919C-72CB033517DA}.Debug|x64.Build.0 = Debug|x64
		{09647FC9-DE27-4058-919C-72CB033517DA}.Release|Win32.ActiveCfg = Release|Win32
		{09647FC9-DE27-4058-919C-72CB033517DA}.Release|Win32.Build.0 = Release|Win32
		{09647FC9-DE27-4058-919C-72CB033517DA}.Release|x64.ActiveCfg = Release|x64
		{09647FC9-DE27-4058-919C-72CB033517DA}.Release|x64.Build.0 = Release|x64
		{9FD80E97-450B-4724-971E-58C09839034A}.Debug|Win32.ActiveCfg = Debug|Win32
		{9FD80E97-450B-4724-971E-58C09839034A}.Debug|Win32.Build.0 = Debug|Win32
		{9FD80E97-450B-4724-971E-58C09839034A}.Debug|x64.ActiveCfg = Debug|x64
		{9FD80E97-450B-4724-971E-58C09839034A}.Debug|x64.Build.0 = Debug|x64
		{9FD80E97-450B-4724-971E-58C09839034A}.Release|Win32.ActiveCfg = Release|Win32
		{9FD80E97-450B-4724-971E-58C09839034A}.Release|Win32.Build.0 = Release|Win32
		{9FD80E97-450B-4724-971E-58C09839034A}.Release|x64.ActiveCfg = Release|x64
		{9FD80E97-450B-4724-971E-58C09839034A}.Release|x64.Build.0 = Release|x64
		{5F16ED87-9E0C-4980-80D0-79D39A94D8C3}.Debug|Win32.ActiveCfg = Debug|Win32
		{5F16ED87-9E0C-4980-80D0-79D39A94D8C3}.Debug|Win32.Build.0 = Debug|Win32
		{5F16ED87-9E0C-4980-80D0-79D39A94D8C3}.Debug|x64.ActiveCfg = Debug|x64
		{5F16ED87-9E0C-4980-80D0-79D39A94D8C3}.Debug|x64.Build.0 = Debug|x64
		{5F16ED87-9E0C-4980-80D0-79D39A94D8C3}.Release|Win32.ActiveCfg = Release|Win32
		{5F16ED87-9E0C-4980-80D0-79D39A94D8C3}.Release|Win32.Build.0 = Release|Win32
		{5F16ED87-9E0C-4980-80D0-79D39A94D8C3}.Release|x64.ActiveCfg = Release|x64
	EndGlobalSection
	GlobalSection(SolutionProperties) = preSolution
		HideSolutionNode = FALSE
	EndGlobalSection
	GlobalSection(ExtensibilityGlobals) = postSolution
		SolutionGuid = {9E3FFCE6-293B-422D-ABEA-E73C3429E278}
	EndGlobalSection
EndGlobal
